
Microsoft Visual Studio Solution File, Format Version 12.00
# Visual Studio 14
VisualStudioVersion = 14.0.25420.1
MinimumVisualStudioVersion = 10.0.40219.1
Project("{FAE04EC0-301F-11D3-BF4B-00C04F79EFBC}") = "Karadzhov.DecayingCollections", "Karadzhov.DecayingCollections\Karadzhov.DecayingCollections.csproj", "{B683227F-833B-413F-B8C8-8637EFEEA6A7}"
EndProject
Project("{2150E333-8FDC-42A3-9474-1A3956D46DE8}") = "Solution items", "Solution items", "{EBA9CE2F-0DFA-4904-B8D3-7880BC4E68C2}"
	ProjectSection(SolutionItems) = preProject
		CustomDictionary.xml = CustomDictionary.xml
	EndProjectSection
EndProject
Project("{FAE04EC0-301F-11D3-BF4B-00C04F79EFBC}") = "Karadzhov.DecayingCollections.Tests", "Karadzhov.DecayingCollections.Tests\Karadzhov.DecayingCollections.Tests.csproj", "{11B3D820-8D45-43ED-A87B-73BE93752784}"
EndProject
Global
	GlobalSection(SolutionConfigurationPlatforms) = preSolution
		Debug|Any CPU = Debug|Any CPU
		Release|Any CPU = Release|Any CPU
	EndGlobalSection
	GlobalSection(ProjectConfigurationPlatforms) = postSolution
		{B683227F-833B-413F-B8C8-8637EFEEA6A7}.Debug|Any CPU.ActiveCfg = Debug|Any CPU
		{B683227F-833B-413F-B8C8-8637EFEEA6A7}.Debug|Any CPU.Build.0 = Debug|Any CPU
		{B683227F-833B-413F-B8C8-8637EFEEA6A7}.Release|Any CPU.ActiveCfg = Release|Any CPU
		{B683227F-833B-413F-B8C8-8637EFEEA6A7}.Release|Any CPU.Build.0 = Release|Any CPU
		{11B3D820-8D45-43ED-A87B-73BE93752784}.Debug|Any CPU.ActiveCfg = Debug|Any CPU
		{11B3D820-8D45-43ED-A87B-73BE93752784}.Debug|Any CPU.Build.0 = Debug|Any CPU
		{11B3D820-8D45-43ED-A87B-73BE93752784}.Release|Any CPU.ActiveCfg = Release|Any CPU
		{11B3D820-8D45-43ED-A87B-73BE93752784}.Release|Any CPU.Build.0 = Release|Any CPU
	EndGlobalSection
	GlobalSection(SolutionProperties) = preSolution
		HideSolutionNode = FALSE
	EndGlobalSection
EndGlobal
